
Microsoft Visual Studio Solution File, Format Version 12.00
# Visual Studio 15
VisualStudioVersion = 15.0.27703.2042
MinimumVisualStudioVersion = 10.0.40219.1
Project("{FAE04EC0-301F-11D3-BF4B-00C04F79EFBC}") = "Test", "Test\Test.csproj", "{A6E78E9A-684B-43E0-87EF-8EA28FB5BF78}"
EndProject
Global
	GlobalSection(SolutionConfigurationPlatforms) = preSolution
		Debug|Any CPU = Debug|Any CPU
		Release|Any CPU = Release|Any CPU
	EndGlobalSection
	GlobalSection(ProjectConfigurationPlatforms) = postSolution
		{A6E78E9A-684B-43E0-87EF-8EA28FB5BF78}.Debug|Any CPU.ActiveCfg = Debug|Any CPU
		{A6E78E9A-684B-43E0-87EF-8EA28FB5BF78}.Debug|Any CPU.Build.0 = Debug|Any CPU
		{A6E78E9A-684B-43E0-87EF-8EA28FB5BF78}.Release|Any CPU.ActiveCfg = Release|Any CPU
		{A6E78E9A-684B-43E0-87EF-8EA28FB5BF78}.Release|Any CPU.Build.0 = Release|Any CPU
	EndGlobalSection
	GlobalSection(SolutionProperties) = preSolution
		HideSolutionNode = FALSE
	EndGlobalSection
	GlobalSection(ExtensibilityGlobals) = postSolution
		SolutionGuid = {A0404558-54F6-4A4B-9F73-5E0BE6D31DAB}
	EndGlobalSection
EndGlobal
